// !$*UTF8*$!
{
  archiveVersion = 1;
  classes = {
  };
  objectVersion = 50;
  objects = {

    /* Begin PBXBuildFile section */
    /* End PBXBuildFile section */

    /* Begin PBXContainerItemProxy section */
    /* End PBXContainerItemProxy section */

    /* Begin PBXFileReference section */
    /* End PBXFileReference section */

    /* Begin PBXFrameworksBuildPhase section */
    /* End PBXFrameworksBuildPhase section */

    /* Begin PBXGroup section */
    /* End PBXGroup section */

    /* Begin PBXNativeTarget section */
    /* End PBXNativeTarget section */

    /* Begin PBXProject section */
    /* End PBXProject section */

    /* Begin PBXResourcesBuildPhase section */
    /* End PBXResourcesBuildPhase section */

    /* Begin PBXSourcesBuildPhase section */
    /* End PBXSourcesBuildPhase section */

    /* Begin PBXTargetDependency section */
    /* End PBXTargetDependency section */

    /* Begin PBXVariantGroup section */
    /* End PBXVariantGroup section */

    /* Begin XCBuildConfiguration section */
    /* End XCBuildConfiguration section */

    /* Begin XCConfigurationList section */
    /* End XCConfigurationList section */
  };
  rootObject = 29B97313FDCFA39411CA2CEA /* Project object */;
}
